
Microsoft Visual Studio Solution File, Format Version 12.00
Project("{FAE04EC0-301F-11D3-BF4B-00C04F79EFBC}") = "FractalDrawer", "FractalDrawer\FractalDrawer.csproj", "{5BC93D67-284D-4D5D-A64B-C62FFC06194A}"
EndProject
Global
	GlobalSection(SolutionConfigurationPlatforms) = preSolution
		Debug|Any CPU = Debug|Any CPU
		Release|Any CPU = Release|Any CPU
	EndGlobalSection
	GlobalSection(ProjectConfigurationPlatforms) = postSolution
		{5BC93D67-284D-4D5D-A64B-C62FFC06194A}.Debug|Any CPU.ActiveCfg = Debug|Any CPU
		{5BC93D67-284D-4D5D-A64B-C62FFC06194A}.Debug|Any CPU.Build.0 = Debug|Any CPU
		{5BC93D67-284D-4D5D-A64B-C62FFC06194A}.Release|Any CPU.ActiveCfg = Release|Any CPU
		{5BC93D67-284D-4D5D-A64B-C62FFC06194A}.Release|Any CPU.Build.0 = Release|Any CPU
	EndGlobalSection
EndGlobal
